
Microsoft Visual Studio Solution File, Format Version 12.00
# Visual Studio Version 16
VisualStudioVersion = 16.0.29613.14
MinimumVisualStudioVersion = 10.0.40219.1
Project("{9A19103F-16F7-4668-BE54-9A1E7A4F7556}") = "Invoicing.Api", "Invoicing\Invoicing.Api.csproj", "{144643D0-46A2-4A37-9549-24D95DD8DD0A}"
EndProject
Project("{FAE04EC0-301F-11D3-BF4B-00C04F79EFBC}") = "Invoicing.Core", "Invoicing.Core\Invoicing.Core.csproj", "{9522DF9F-F6FE-4F12-912E-11A23C6CA7E4}"
EndProject
Project("{FAE04EC0-301F-11D3-BF4B-00C04F79EFBC}") = "Invoicing.Data", "Invoicing.Data\Invoicing.Data.csproj", "{B2856348-D7EE-496A-A029-3ECF2ACA9798}"
EndProject
Project("{FAE04EC0-301F-11D3-BF4B-00C04F79EFBC}") = "Invoicing.Services", "Invoicing.Services\Invoicing.Services.csproj", "{6FFA5865-B4EB-4A5B-986C-0B43EC2D7B56}"
EndProject
Global
	GlobalSection(SolutionConfigurationPlatforms) = preSolution
		Debug|Any CPU = Debug|Any CPU
		Release|Any CPU = Release|Any CPU
	EndGlobalSection
	GlobalSection(ProjectConfigurationPlatforms) = postSolution
		{144643D0-46A2-4A37-9549-24D95DD8DD0A}.Debug|Any CPU.ActiveCfg = Debug|Any CPU
		{144643D0-46A2-4A37-9549-24D95DD8DD0A}.Debug|Any CPU.Build.0 = Debug|Any CPU
		{144643D0-46A2-4A37-9549-24D95DD8DD0A}.Release|Any CPU.ActiveCfg = Release|Any CPU
		{144643D0-46A2-4A37-9549-24D95DD8DD0A}.Release|Any CPU.Build.0 = Release|Any CPU
		{9522DF9F-F6FE-4F12-912E-11A23C6CA7E4}.Debug|Any CPU.ActiveCfg = Debug|Any CPU
		{9522DF9F-F6FE-4F12-912E-11A23C6CA7E4}.Debug|Any CPU.Build.0 = Debug|Any CPU
		{9522DF9F-F6FE-4F12-912E-11A23C6CA7E4}.Release|Any CPU.ActiveCfg = Release|Any CPU
		{9522DF9F-F6FE-4F12-912E-11A23C6CA7E4}.Release|Any CPU.Build.0 = Release|Any CPU
		{B2856348-D7EE-496A-A029-3ECF2ACA9798}.Debug|Any CPU.ActiveCfg = Debug|Any CPU
		{B2856348-D7EE-496A-A029-3ECF2ACA9798}.Debug|Any CPU.Build.0 = Debug|Any CPU
		{B2856348-D7EE-496A-A029-3ECF2ACA9798}.Release|Any CPU.ActiveCfg = Release|Any CPU
		{B2856348-D7EE-496A-A029-3ECF2ACA9798}.Release|Any CPU.Build.0 = Release|Any CPU
		{6FFA5865-B4EB-4A5B-986C-0B43EC2D7B56}.Debug|Any CPU.ActiveCfg = Debug|Any CPU
		{6FFA5865-B4EB-4A5B-986C-0B43EC2D7B56}.Debug|Any CPU.Build.0 = Debug|Any CPU
		{6FFA5865-B4EB-4A5B-986C-0B43EC2D7B56}.Release|Any CPU.ActiveCfg = Release|Any CPU
		{6FFA5865-B4EB-4A5B-986C-0B43EC2D7B56}.Release|Any CPU.Build.0 = Release|Any CPU
	EndGlobalSection
	GlobalSection(SolutionProperties) = preSolution
		HideSolutionNode = FALSE
	EndGlobalSection
	GlobalSection(ExtensibilityGlobals) = postSolution
		SolutionGuid = {FD0F4F63-8785-4A41-87A4-AE44D0A543DD}
	EndGlobalSection
EndGlobal
